PODS:
  - ChatClient (0.0.3):
    - MaterialComponents/Chips
    - MessageKit
  - InputBarAccessoryView (4.2.2)
  - MaterialComponents/AnimationTiming (84.5.0)
  - MaterialComponents/Chips (84.5.0):
    - MaterialComponents/Ink
    - MaterialComponents/private/Math
    - MaterialComponents/Ripple
    - MaterialComponents/ShadowElevations
    - MaterialComponents/ShadowLayer
    - MaterialComponents/ShapeLibrary
    - MaterialComponents/Shapes
    - MaterialComponents/TextFields
    - MaterialComponents/Typography
    - MDFInternationalization
  - MaterialComponents/Ink (84.5.0):
    - MaterialComponents/private/Math
  - MaterialComponents/Palettes (84.5.0)
  - MaterialComponents/private/Application (84.5.0)
  - MaterialComponents/private/Math (84.5.0)
  - MaterialComponents/Ripple (84.5.0):
    - MaterialComponents/AnimationTiming
    - MaterialComponents/private/Math
  - MaterialComponents/ShadowElevations (84.5.0)
  - MaterialComponents/ShadowLayer (84.5.0):
    - MaterialComponents/ShadowElevations
  - MaterialComponents/ShapeLibrary (84.5.0):
    - MaterialComponents/private/Math
    - MaterialComponents/Shapes
  - MaterialComponents/Shapes (84.5.0):
    - MaterialComponents/private/Math
    - MaterialComponents/ShadowLayer
  - MaterialComponents/TextFields (84.5.0):
    - MaterialComponents/AnimationTiming
    - MaterialComponents/Palettes
    - MaterialComponents/private/Math
    - MaterialComponents/Typography
    - MDFInternationalization
  - MaterialComponents/Typography (84.5.0):
    - MaterialComponents/private/Application
    - MaterialComponents/private/Math
  - MDFInternationalization (2.0.0)
  - MessageKit (3.0.0):
    - InputBarAccessoryView (~> 4.2.2)

DEPENDENCIES:
  - ChatClient (from `chatclient.podspec`)
  - MaterialComponents/Chips
  - MessageKit

SPEC REPOS:
  https://github.com/cocoapods/specs.git:
    - InputBarAccessoryView
    - MaterialComponents
    - MDFInternationalization
    - MessageKit

EXTERNAL SOURCES:
  ChatClient:
    :path: chatclient.podspec

SPEC CHECKSUMS:
  ChatClient: dacd1f03941bc0cc920cd9f57f8d2e51d10bc70b
  InputBarAccessoryView: 2b937602598e2fab3149f37f51dd7ad795653812
  MaterialComponents: 4f1d0258d14aaf47215c2d710d3b5d915e370622
  MDFInternationalization: 010097556d6b09d2c4ea38e0820ea6d37be6a314
  MessageKit: e892a9ca49ebe6d82684d3a93ad84021fa23e2c6

PODFILE CHECKSUM: f034c9085f0c638256e327b0d3e2e5c656f8540c

COCOAPODS: 1.6.1
